PODS:
  - Flutter (1.0.0)
  - infra_did_dart (0.0.1):
    - Flutter

DEPENDENCIES:
  - Flutter (from `Flutter`)
  - infra_did_dart (from `.symlinks/plugins/infra_did_dart/ios`)

EXTERNAL SOURCES:
  Flutter:
    :path: Flutter
  infra_did_dart:
    :path: ".symlinks/plugins/infra_did_dart/ios"

SPEC CHECKSUMS:
  Flutter: f04841e97a9d0b0a8025694d0796dd46242b2854
  infra_did_dart: 9be97cf76b2f5f9348a6ed64b4a7b2f6373e7af6

PODFILE CHECKSUM: 7368163408c647b7eb699d0d788ba6718e18fb8d

COCOAPODS: 1.13.0
